// !$*UTF8*$!
{
	archiveVersion = 1;
	classes = {
	};
	objectVersion = 50;
	objects = {

/* Begin PBXBuildFile section */
		B0028046226118B400DBEFB6 /* Or+Equatable.swift in Sources */ = {isa = PBXBuildFile; fileRef = B0028045226118B400DBEFB6 /* Or+Equatable.swift */; };
		B0028048226118BC00DBEFB6 /* Or+Comparable.swift in Sources */ = {isa = PBXBuildFile; fileRef = B0028047226118BC00DBEFB6 /* Or+Comparable.swift */; };
		B002804C226118F700DBEFB6 /* Or+CustomDebugStringConvertible.swift in Sources */ = {isa = PBXBuildFile; fileRef = B002804B226118F700DBEFB6 /* Or+CustomDebugStringConvertible.swift */; };
		B002804E226119E600DBEFB6 /* main.swift in Sources */ = {isa = PBXBuildFile; fileRef = B002804D226119E600DBEFB6 /* main.swift */; };
		B01CF3422257E2A9001AC3B4 /* Or.swift in Sources */ = {isa = PBXBuildFile; fileRef = B01CF3412257E2A9001AC3B4 /* Or.swift */; };
/* End PBXBuildFile section */

/* Begin PBXCopyFilesBuildPhase section */
		B01CF33C2257E2A9001AC3B4 /* CopyFiles */ = {
			isa = PBXCopyFilesBuildPhase;
			buildActionMask = 2147483647;
			dstPath = /usr/share/man/man1/;
			dstSubfolderSpec = 0;
			files = (
			);
			runOnlyForDeploymentPostprocessing = 1;
		};
/* End PBXCopyFilesBuildPhase section */

/* Begin PBXFileReference section */
		B00280442261188800DBEFB6 /* README.md */ = {isa = PBXFileReference; fileEncoding = 4; lastKnownFileType = net.daringfireball.markdown; path = README.md; sourceTree = SOURCE_ROOT; };
		B0028045226118B400DBEFB6 /* Or+Equatable.swift */ = {isa = PBXFileReference; lastKnownFileType = sourcecode.swift; path = "Or+Equatable.swift"; sourceTree = "<group>"; };
		B0028047226118BC00DBEFB6 /* Or+Comparable.swift */ = {isa = PBXFileReference; lastKnownFileType = sourcecode.swift; path = "Or+Comparable.swift"; sourceTree = "<group>"; };
		B002804B226118F700DBEFB6 /* Or+CustomDebugStringConvertible.swift */ = {isa = PBXFileReference; lastKnownFileType = sourcecode.swift; path = "Or+CustomDebugStringConvertible.swift"; sourceTree = "<group>"; };
		B002804D226119E600DBEFB6 /* main.swift */ = {isa = PBXFileReference; lastKnownFileType = sourcecode.swift; path = main.swift; sourceTree = "<group>"; };
		B01CF33E2257E2A9001AC3B4 /* Or */ = {isa = PBXFileReference; explicitFileType = "compiled.mach-o.executable"; includeInIndex = 0; path = Or; sourceTree = BUILT_PRODUCTS_DIR; };
		B01CF3412257E2A9001AC3B4 /* Or.swift */ = {isa = PBXFileReference; lastKnownFileType = sourcecode.swift; path = Or.swift; sourceTree = "<group>"; };
/* End PBXFileReference section */

/* Begin PBXFrameworksBuildPhase section */
		B01CF33B2257E2A9001AC3B4 /* Frameworks */ = {
			isa = PBXFrameworksBuildPhase;
			buildActionMask = 2147483647;
			files = (
			);
			runOnlyForDeploymentPostprocessing = 0;
		};
/* End PBXFrameworksBuildPhase section */

/* Begin PBXGroup section */
		B01CF3352257E2A9001AC3B4 = {
			isa = PBXGroup;
			children = (
				B01CF3402257E2A9001AC3B4 /* Or */,
				B01CF33F2257E2A9001AC3B4 /* Products */,
			);
			sourceTree = "<group>";
		};
		B01CF33F2257E2A9001AC3B4 /* Products */ = {
			isa = PBXGroup;
			children = (
				B01CF33E2257E2A9001AC3B4 /* Or */,
			);
			name = Products;
			sourceTree = "<group>";
		};
		B01CF3402257E2A9001AC3B4 /* Or */ = {
			isa = PBXGroup;
			children = (
				B00280442261188800DBEFB6 /* README.md */,
				B01CF3412257E2A9001AC3B4 /* Or.swift */,
				B002804B226118F700DBEFB6 /* Or+CustomDebugStringConvertible.swift */,
				B0028045226118B400DBEFB6 /* Or+Equatable.swift */,
				B0028047226118BC00DBEFB6 /* Or+Comparable.swift */,
				B002804D226119E600DBEFB6 /* main.swift */,
			);
			path = Or;
			sourceTree = "<group>";
		};
/* End PBXGroup section */

/* Begin PBXNativeTarget section */
		B01CF33D2257E2A9001AC3B4 /* Or */ = {
			isa = PBXNativeTarget;
			buildConfigurationList = B01CF3452257E2A9001AC3B4 /* Build configuration list for PBXNativeTarget "Or" */;
			buildPhases = (
				B01CF33A2257E2A9001AC3B4 /* Sources */,
				B01CF33B2257E2A9001AC3B4 /* Frameworks */,
				B01CF33C2257E2A9001AC3B4 /* CopyFiles */,
			);
			buildRules = (
			);
			dependencies = (
			);
			name = Or;
			productName = Or;
			productReference = B01CF33E2257E2A9001AC3B4 /* Or */;
			productType = "com.apple.product-type.tool";
		};
/* End PBXNativeTarget section */

/* Begin PBXProject section */
		B01CF3362257E2A9001AC3B4 /* Project object */ = {
			isa = PBXProject;
			attributes = {
				LastSwiftUpdateCheck = 1020;
				LastUpgradeCheck = 1020;
				ORGANIZATIONNAME = "Lucid Software";
				TargetAttributes = {
					B01CF33D2257E2A9001AC3B4 = {
						CreatedOnToolsVersion = 10.2;
					};
				};
			};
			buildConfigurationList = B01CF3392257E2A9001AC3B4 /* Build configuration list for PBXProject "Or" */;
			compatibilityVersion = "Xcode 9.3";
			developmentRegion = en;
			hasScannedForEncodings = 0;
			knownRegions = (
				en,
			);
			mainGroup = B01CF3352257E2A9001AC3B4;
			productRefGroup = B01CF33F2257E2A9001AC3B4 /* Products */;
			projectDirPath = "";
			projectRoot = "";
			targets = (
				B01CF33D2257E2A9001AC3B4 /* Or */,
			);
		};
/* End PBXProject section */

/* Begin PBXSourcesBuildPhase section */
		B01CF33A2257E2A9001AC3B4 /* Sources */ = {
			isa = PBXSourcesBuildPhase;
			buildActionMask = 2147483647;
			files = (
				B01CF3422257E2A9001AC3B4 /* Or.swift in Sources */,
				B002804E226119E600DBEFB6 /* main.swift in Sources */,
				B0028048226118BC00DBEFB6 /* Or+Comparable.swift in Sources */,
				B002804C226118F700DBEFB6 /* Or+CustomDebugStringConvertible.swift in Sources */,
				B0028046226118B400DBEFB6 /* Or+Equatable.swift in Sources */,
			);
			runOnlyForDeploymentPostprocessing = 0;
		};
/* End PBXSourcesBuildPhase section */

/* Begin XCBuildConfiguration section */
		B01CF3432257E2A9001AC3B4 /* Debug */ = {
			isa = XCBuildConfiguration;
			buildSettings = {
				ALWAYS_SEARCH_USER_PATHS = NO;
				CLANG_ANALYZER_NONNULL = YES;
				CLANG_ANALYZER_NUMBER_OBJECT_CONVERSION = YES_AGGRESSIVE;
				CLANG_CXX_LANGUAGE_STANDARD = "gnu++14";
				CLANG_CXX_LIBRARY = "libc++";
				CLANG_ENABLE_MODULES = YES;
				CLANG_ENABLE_OBJC_ARC = YES;
				CLANG_ENABLE_OBJC_WEAK = YES;
				CLANG_WARN_BLOCK_CAPTURE_AUTORELEASING = YES;
				CLANG_WARN_BOOL_CONVERSION = YES;
				CLANG_WARN_COMMA = YES;
				CLANG_WARN_CONSTANT_CONVERSION = YES;
				CLANG_WARN_DEPRECATED_OBJC_IMPLEMENTATIONS = YES;
				CLANG_WARN_DIRECT_OBJC_ISA_USAGE = YES_ERROR;
				CLANG_WARN_DOCUMENTATION_COMMENTS = YES;
				CLANG_WARN_EMPTY_BODY = YES;
				CLANG_WARN_ENUM_CONVERSION = YES;
				CLANG_WARN_INFINITE_RECURSION = YES;
				CLANG_WARN_INT_CONVERSION = YES;
				CLANG_WARN_NON_LITERAL_NULL_CONVERSION = YES;
				CLANG_WARN_OBJC_IMPLICIT_RETAIN_SELF = YES;
				CLANG_WARN_OBJC_LITERAL_CONVERSION = YES;
				CLANG_WARN_OBJC_ROOT_CLASS = YES_ERROR;
				CLANG_WARN_RANGE_LOOP_ANALYSIS = YES;
				CLANG_WARN_STRICT_PROTOTYPES = YES;
				CLANG_WARN_SUSPICIOUS_MOVE = YES;
				CLANG_WARN_UNGUARDED_AVAILABILITY = YES_AGGRESSIVE;
				CLANG_WARN_UNREACHABLE_CODE = YES;
				CLANG_WARN__DUPLICATE_METHOD_MATCH = YES;
				CODE_SIGN_IDENTITY = "Mac Developer";
				COPY_PHASE_STRIP = NO;
				DEBUG_INFORMATION_FORMAT = dwarf;
				ENABLE_STRICT_OBJC_MSGSEND = YES;
				ENABLE_TESTABILITY = YES;
				GCC_C_LANGUAGE_STANDARD = gnu11;
				GCC_DYNAMIC_NO_PIC = NO;
				GCC_NO_COMMON_BLOCKS = YES;
				GCC_OPTIMIZATION_LEVEL = 0;
				GCC_PREPROCESSOR_DEFINITIONS = (
					"DEBUG=1",
					"$(inherited)",
				);
				GCC_WARN_64_TO_32_BIT_CONVERSION = YES;
				GCC_WARN_ABOUT_RETURN_TYPE = YES_ERROR;
				GCC_WARN_UNDECLARED_SELECTOR = YES;
				GCC_WARN_UNINITIALIZED_AUTOS = YES_AGGRESSIVE;
				GCC_WARN_UNUSED_FUNCTION = YES;
				GCC_WARN_UNUSED_VARIABLE = YES;
				MACOSX_DEPLOYMENT_TARGET = 10.14;
				MTL_ENABLE_DEBUG_INFO = INCLUDE_SOURCE;
				MTL_FAST_MATH = YES;
				ONLY_ACTIVE_ARCH = YES;
				SDKROOT = macosx;
				SWIFT_ACTIVE_COMPILATION_CONDITIONS = DEBUG;
				SWIFT_OPTIMIZATION_LEVEL = "-Onone";
			};
			name = Debug;
		};
		B01CF3442257E2A9001AC3B4 /* Release */ = {
			isa = XCBuildConfiguration;
			buildSettings = {
				ALWAYS_SEARCH_USER_PATHS = NO;
				CLANG_ANALYZER_NONNULL = YES;
				CLANG_ANALYZER_NUMBER_OBJECT_CONVERSION = YES_AGGRESSIVE;
				CLANG_CXX_LANGUAGE_STANDARD = "gnu++14";
				CLANG_CXX_LIBRARY = "libc++";
				CLANG_ENABLE_MODULES = YES;
				CLANG_ENABLE_OBJC_ARC = YES;
				CLANG_ENABLE_OBJC_WEAK = YES;
				CLANG_WARN_BLOCK_CAPTURE_AUTORELEASING = YES;
				CLANG_WARN_BOOL_CONVERSION = YES;
				CLANG_WARN_COMMA = YES;
				CLANG_WARN_CONSTANT_CONVERSION = YES;
				CLANG_WARN_DEPRECATED_OBJC_IMPLEMENTATIONS = YES;
				CLANG_WARN_DIRECT_OBJC_ISA_USAGE = YES_ERROR;
				CLANG_WARN_DOCUMENTATION_COMMENTS = YES;
				CLANG_WARN_EMPTY_BODY = YES;
				CLANG_WARN_ENUM_CONVERSION = YES;
				CLANG_WARN_INFINITE_RECURSION = YES;
				CLANG_WARN_INT_CONVERSION = YES;
				CLANG_WARN_NON_LITERAL_NULL_CONVERSION = YES;
				CLANG_WARN_OBJC_IMPLICIT_RETAIN_SELF = YES;
				CLANG_WARN_OBJC_LITERAL_CONVERSION = YES;
				CLANG_WARN_OBJC_ROOT_CLASS = YES_ERROR;
				CLANG_WARN_RANGE_LOOP_ANALYSIS = YES;
				CLANG_WARN_STRICT_PROTOTYPES = YES;
				CLANG_WARN_SUSPICIOUS_MOVE = YES;
				CLANG_WARN_UNGUARDED_AVAILABILITY = YES_AGGRESSIVE;
				CLANG_WARN_UNREACHABLE_CODE = YES;
				CLANG_WARN__DUPLICATE_METHOD_MATCH = YES;
				CODE_SIGN_IDENTITY = "Mac Developer";
				COPY_PHASE_STRIP = NO;
				DEBUG_INFORMATION_FORMAT = "dwarf-with-dsym";
				ENABLE_NS_ASSERTIONS = NO;
				ENABLE_STRICT_OBJC_MSGSEND = YES;
				GCC_C_LANGUAGE_STANDARD = gnu11;
				GCC_NO_COMMON_BLOCKS = YES;
				GCC_WARN_64_TO_32_BIT_CONVERSION = YES;
				GCC_WARN_ABOUT_RETURN_TYPE = YES_ERROR;
				GCC_WARN_UNDECLARED_SELECTOR = YES;
				GCC_WARN_UNINITIALIZED_AUTOS = YES_AGGRESSIVE;
				GCC_WARN_UNUSED_FUNCTION = YES;
				GCC_WARN_UNUSED_VARIABLE = YES;
				MACOSX_DEPLOYMENT_TARGET = 10.14;
				MTL_ENABLE_DEBUG_INFO = NO;
				MTL_FAST_MATH = YES;
				SDKROOT = macosx;
				SWIFT_COMPILATION_MODE = wholemodule;
				SWIFT_OPTIMIZATION_LEVEL = "-O";
			};
			name = Release;
		};
		B01CF3462257E2A9001AC3B4 /* Debug */ = {
			isa = XCBuildConfiguration;
			buildSettings = {
				CODE_SIGN_STYLE = Automatic;
				DEVELOPMENT_TEAM = V6KTU5CWEW;
				PRODUCT_NAME = "$(TARGET_NAME)";
				SWIFT_VERSION = 5.0;
			};
			name = Debug;
		};
		B01CF3472257E2A9001AC3B4 /* Release */ = {
			isa = XCBuildConfiguration;
			buildSettings = {
				CODE_SIGN_STYLE = Automatic;
				DEVELOPMENT_TEAM = V6KTU5CWEW;
				PRODUCT_NAME = "$(TARGET_NAME)";
				SWIFT_VERSION = 5.0;
			};
			name = Release;
		};
/* End XCBuildConfiguration section */

/* Begin XCConfigurationList section */
		B01CF3392257E2A9001AC3B4 /* Build configuration list for PBXProject "Or" */ = {
			isa = XCConfigurationList;
			buildConfigurations = (
				B01CF3432257E2A9001AC3B4 /* Debug */,
				B01CF3442257E2A9001AC3B4 /* Release */,
			);
			defaultConfigurationIsVisible = 0;
			defaultConfigurationName = Release;
		};
		B01CF3452257E2A9001AC3B4 /* Build configuration list for PBXNativeTarget "Or" */ = {
			isa = XCConfigurationList;
			buildConfigurations = (
				B01CF3462257E2A9001AC3B4 /* Debug */,
				B01CF3472257E2A9001AC3B4 /* Release */,
			);
			defaultConfigurationIsVisible = 0;
			defaultConfigurationName = Release;
		};
/* End XCConfigurationList section */
	};
	rootObject = B01CF3362257E2A9001AC3B4 /* Project object */;
}
